
Microsoft Visual Studio Solution File, Format Version 12.00
# Visual Studio Version 16
VisualStudioVersion = 16.0.31729.503
MinimumVisualStudioVersion = 10.0.40219.1
Project("{FAE04EC0-301F-11D3-BF4B-00C04F79EFBC}") = "Pipeline1", "Pipeline1\Pipeline1.csproj", "{769DE1B1-F413-4CB4-9765-E50BE08189EC}"
EndProject
Project("{2150E333-8FDC-42A3-9474-1A3956D46DE8}") = "Solution Items", "Solution Items", "{B2ACB883-D4AB-438D-9942-42C19AD03500}"
	ProjectSection(SolutionItems) = preProject
		.filenesting.json = .filenesting.json
	EndProjectSection
EndProject
Global
	GlobalSection(SolutionConfigurationPlatforms) = preSolution
		Debug|Any CPU = Debug|Any CPU
		Release|Any CPU = Release|Any CPU
	EndGlobalSection
	GlobalSection(ProjectConfigurationPlatforms) = postSolution
		{769DE1B1-F413-4CB4-9765-E50BE08189EC}.Debug|Any CPU.ActiveCfg = Debug|Any CPU
		{769DE1B1-F413-4CB4-9765-E50BE08189EC}.Debug|Any CPU.Build.0 = Debug|Any CPU
		{769DE1B1-F413-4CB4-9765-E50BE08189EC}.Release|Any CPU.ActiveCfg = Release|Any CPU
		{769DE1B1-F413-4CB4-9765-E50BE08189EC}.Release|Any CPU.Build.0 = Release|Any CPU
	EndGlobalSection
	GlobalSection(SolutionProperties) = preSolution
		HideSolutionNode = FALSE
	EndGlobalSection
	GlobalSection(ExtensibilityGlobals) = postSolution
		SolutionGuid = {9F84A504-54DB-4B48-8C20-41635A8A30B0}
	EndGlobalSection
EndGlobal
